
Microsoft Visual Studio Solution File, Format Version 12.00
# Visual Studio 15
VisualStudioVersion = 15.0.27703.2042
MinimumVisualStudioVersion = 10.0.40219.1
Project("{9A19103F-16F7-4668-BE54-9A1E7A4F7556}") = "BSharp", "BSharp\BSharp.csproj", "{2817C2B4-0428-42CE-85D9-DA01AB819A1B}"
EndProject
Project("{FAE04EC0-301F-11D3-BF4B-00C04F79EFBC}") = "BSharp.CSharp", "BSharp.CSharp\BSharp.CSharp.csproj", "{B1BEA11E-9ADD-43AB-8EC1-F9775E8399DA}"
EndProject
Project("{FAE04EC0-301F-11D3-BF4B-00C04F79EFBC}") = "BSharp.Console", "BSharp.Console\BSharp.Console.csproj", "{F7C3EA0F-62F9-43B4-9B4B-DEE22E5E1DC5}"
EndProject
Global
	GlobalSection(SolutionConfigurationPlatforms) = preSolution
		Debug|Any CPU = Debug|Any CPU
		Release|Any CPU = Release|Any CPU
	EndGlobalSection
	GlobalSection(ProjectConfigurationPlatforms) = postSolution
		{2817C2B4-0428-42CE-85D9-DA01AB819A1B}.Debug|Any CPU.ActiveCfg = Debug|Any CPU
		{2817C2B4-0428-42CE-85D9-DA01AB819A1B}.Debug|Any CPU.Build.0 = Debug|Any CPU
		{2817C2B4-0428-42CE-85D9-DA01AB819A1B}.Release|Any CPU.ActiveCfg = Release|Any CPU
		{2817C2B4-0428-42CE-85D9-DA01AB819A1B}.Release|Any CPU.Build.0 = Release|Any CPU
		{B1BEA11E-9ADD-43AB-8EC1-F9775E8399DA}.Debug|Any CPU.ActiveCfg = Debug|Any CPU
		{B1BEA11E-9ADD-43AB-8EC1-F9775E8399DA}.Debug|Any CPU.Build.0 = Debug|Any CPU
		{B1BEA11E-9ADD-43AB-8EC1-F9775E8399DA}.Release|Any CPU.ActiveCfg = Release|Any CPU
		{B1BEA11E-9ADD-43AB-8EC1-F9775E8399DA}.Release|Any CPU.Build.0 = Release|Any CPU
		{F7C3EA0F-62F9-43B4-9B4B-DEE22E5E1DC5}.Debug|Any CPU.ActiveCfg = Debug|Any CPU
		{F7C3EA0F-62F9-43B4-9B4B-DEE22E5E1DC5}.Debug|Any CPU.Build.0 = Debug|Any CPU
		{F7C3EA0F-62F9-43B4-9B4B-DEE22E5E1DC5}.Release|Any CPU.ActiveCfg = Release|Any CPU
		{F7C3EA0F-62F9-43B4-9B4B-DEE22E5E1DC5}.Release|Any CPU.Build.0 = Release|Any CPU
	EndGlobalSection
	GlobalSection(SolutionProperties) = preSolution
		HideSolutionNode = FALSE
	EndGlobalSection
	GlobalSection(ExtensibilityGlobals) = postSolution
		SolutionGuid = {2E6F4388-E600-49ED-9EDA-C1ED177B86C3}
	EndGlobalSection
EndGlobal
